// !$*UTF8*$!
{
	archiveVersion = 1;
	classes = {
	};
	objectVersion = 46;
	objects = {

/* Begin PBXBuildFile section */
		16009E991EFB2F8D0068FB79 /* Laser.sks in Resources */ = {isa = PBXBuildFile; fileRef = 16009E981EFB2F8D0068FB79 /* Laser.sks */; };
		166E3F851EF8A5E200CC1721 /* AppDelegate.swift in Sources */ = {isa = PBXBuildFile; fileRef = 166E3F841EF8A5E200CC1721 /* AppDelegate.swift */; };
		166E3F871EF8A5E200CC1721 /* GameScene.sks in Resources */ = {isa = PBXBuildFile; fileRef = 166E3F861EF8A5E200CC1721 /* GameScene.sks */; };
		166E3F891EF8A5E200CC1721 /* Actions.sks in Resources */ = {isa = PBXBuildFile; fileRef = 166E3F881EF8A5E200CC1721 /* Actions.sks */; };
		166E3F8B1EF8A5E200CC1721 /* GameScene.swift in Sources */ = {isa = PBXBuildFile; fileRef = 166E3F8A1EF8A5E200CC1721 /* GameScene.swift */; };
		166E3F8D1EF8A5E200CC1721 /* GameViewController.swift in Sources */ = {isa = PBXBuildFile; fileRef = 166E3F8C1EF8A5E200CC1721 /* GameViewController.swift */; };
		166E3F901EF8A5E200CC1721 /* Main.storyboard in Resources */ = {isa = PBXBuildFile; fileRef = 166E3F8E1EF8A5E200CC1721 /* Main.storyboard */; };
		166E3F921EF8A5E200CC1721 /* Assets.xcassets in Resources */ = {isa = PBXBuildFile; fileRef = 166E3F911EF8A5E200CC1721 /* Assets.xcassets */; };
		166E3F951EF8A5E200CC1721 /* LaunchScreen.storyboard in Resources */ = {isa = PBXBuildFile; fileRef = 166E3F931EF8A5E200CC1721 /* LaunchScreen.storyboard */; };
		166E3F9D1EF8B36B00CC1721 /* Menu.sks in Resources */ = {isa = PBXBuildFile; fileRef = 166E3F9C1EF8B36B00CC1721 /* Menu.sks */; };
		166E3F9F1EF8B8F400CC1721 /* MainMenu.swift in Sources */ = {isa = PBXBuildFile; fileRef = 166E3F9E1EF8B8F400CC1721 /* MainMenu.swift */; };
		1683A4CE1EFC6B68001400B7 /* explosion.sks in Resources */ = {isa = PBXBuildFile; fileRef = 1683A4CD1EFC6B68001400B7 /* explosion.sks */; };
/* End PBXBuildFile section */

/* Begin PBXFileReference section */
		16009E981EFB2F8D0068FB79 /* Laser.sks */ = {isa = PBXFileReference; lastKnownFileType = file.sks; path = Laser.sks; sourceTree = "<group>"; };
		166E3F811EF8A5E200CC1721 /* Basics.app */ = {isa = PBXFileReference; explicitFileType = wrapper.application; includeInIndex = 0; path = Basics.app; sourceTree = BUILT_PRODUCTS_DIR; };
		166E3F841EF8A5E200CC1721 /* AppDelegate.swift */ = {isa = PBXFileReference; lastKnownFileType = sourcecode.swift; path = AppDelegate.swift; sourceTree = "<group>"; };
		166E3F861EF8A5E200CC1721 /* GameScene.sks */ = {isa = PBXFileReference; lastKnownFileType = file.sks; path = GameScene.sks; sourceTree = "<group>"; };
		166E3F881EF8A5E200CC1721 /* Actions.sks */ = {isa = PBXFileReference; lastKnownFileType = file.sks; path = Actions.sks; sourceTree = "<group>"; };
		166E3F8A1EF8A5E200CC1721 /* GameScene.swift */ = {isa = PBXFileReference; lastKnownFileType = sourcecode.swift; path = GameScene.swift; sourceTree = "<group>"; };
		166E3F8C1EF8A5E200CC1721 /* GameViewController.swift */ = {isa = PBXFileReference; lastKnownFileType = sourcecode.swift; path = GameViewController.swift; sourceTree = "<group>"; };
		166E3F8F1EF8A5E200CC1721 /* Base */ = {isa = PBXFileReference; lastKnownFileType = file.storyboard; name = Base; path = Base.lproj/Main.storyboard; sourceTree = "<group>"; };
		166E3F911EF8A5E200CC1721 /* Assets.xcassets */ = {isa = PBXFileReference; lastKnownFileType = folder.assetcatalog; path = Assets.xcassets; sourceTree = "<group>"; };
		166E3F941EF8A5E200CC1721 /* Base */ = {isa = PBXFileReference; lastKnownFileType = file.storyboard; name = Base; path = Base.lproj/LaunchScreen.storyboard; sourceTree = "<group>"; };
		166E3F961EF8A5E200CC1721 /* Info.plist */ = {isa = PBXFileReference; lastKnownFileType = text.plist.xml; path = Info.plist; sourceTree = "<group>"; };
		166E3F9C1EF8B36B00CC1721 /* Menu.sks */ = {isa = PBXFileReference; lastKnownFileType = file.sks; path = Menu.sks; sourceTree = "<group>"; };
		166E3F9E1EF8B8F400CC1721 /* MainMenu.swift */ = {isa = PBXFileReference; fileEncoding = 4; lastKnownFileType = sourcecode.swift; path = MainMenu.swift; sourceTree = "<group>"; };
		1683A4CD1EFC6B68001400B7 /* explosion.sks */ = {isa = PBXFileReference; lastKnownFileType = file.sks; path = explosion.sks; sourceTree = "<group>"; };
/* End PBXFileReference section */

/* Begin PBXFrameworksBuildPhase section */
		166E3F7E1EF8A5E200CC1721 /* Frameworks */ = {
			isa = PBXFrameworksBuildPhase;
			buildActionMask = 2147483647;
			files = (
			);
			runOnlyForDeploymentPostprocessing = 0;
		};
/* End PBXFrameworksBuildPhase section */

/* Begin PBXGroup section */
		166E3F781EF8A5E200CC1721 = {
			isa = PBXGroup;
			children = (
				166E3F831EF8A5E200CC1721 /* Basics */,
				166E3F821EF8A5E200CC1721 /* Products */,
			);
			sourceTree = "<group>";
		};
		166E3F821EF8A5E200CC1721 /* Products */ = {
			isa = PBXGroup;
			children = (
				166E3F811EF8A5E200CC1721 /* Basics.app */,
			);
			name = Products;
			sourceTree = "<group>";
		};
		166E3F831EF8A5E200CC1721 /* Basics */ = {
			isa = PBXGroup;
			children = (
				166E3F841EF8A5E200CC1721 /* AppDelegate.swift */,
				166E3F861EF8A5E200CC1721 /* GameScene.sks */,
				166E3F881EF8A5E200CC1721 /* Actions.sks */,
				166E3F8A1EF8A5E200CC1721 /* GameScene.swift */,
				1683A4CD1EFC6B68001400B7 /* explosion.sks */,
				166E3F9C1EF8B36B00CC1721 /* Menu.sks */,
				166E3F9E1EF8B8F400CC1721 /* MainMenu.swift */,
				166E3F8C1EF8A5E200CC1721 /* GameViewController.swift */,
				166E3F8E1EF8A5E200CC1721 /* Main.storyboard */,
				166E3F911EF8A5E200CC1721 /* Assets.xcassets */,
				166E3F931EF8A5E200CC1721 /* LaunchScreen.storyboard */,
				166E3F961EF8A5E200CC1721 /* Info.plist */,
				16009E981EFB2F8D0068FB79 /* Laser.sks */,
			);
			path = Basics;
			sourceTree = "<group>";
		};
/* End PBXGroup section */

/* Begin PBXNativeTarget section */
		166E3F801EF8A5E200CC1721 /* Basics */ = {
			isa = PBXNativeTarget;
			buildConfigurationList = 166E3F991EF8A5E200CC1721 /* Build configuration list for PBXNativeTarget "Basics" */;
			buildPhases = (
				166E3F7D1EF8A5E200CC1721 /* Sources */,
				166E3F7E1EF8A5E200CC1721 /* Frameworks */,
				166E3F7F1EF8A5E200CC1721 /* Resources */,
			);
			buildRules = (
			);
			dependencies = (
			);
			name = Basics;
			productName = Basics;
			productReference = 166E3F811EF8A5E200CC1721 /* Basics.app */;
			productType = "com.apple.product-type.application";
		};
/* End PBXNativeTarget section */

/* Begin PBXProject section */
		166E3F791EF8A5E200CC1721 /* Project object */ = {
			isa = PBXProject;
			attributes = {
				LastSwiftUpdateCheck = 0830;
				LastUpgradeCheck = 0830;
				ORGANIZATIONNAME = "Darrell Payne";
				TargetAttributes = {
					166E3F801EF8A5E200CC1721 = {
						CreatedOnToolsVersion = 8.3.3;
						DevelopmentTeam = YH2L94SFDJ;
						ProvisioningStyle = Automatic;
					};
				};
			};
			buildConfigurationList = 166E3F7C1EF8A5E200CC1721 /* Build configuration list for PBXProject "Basics" */;
			compatibilityVersion = "Xcode 3.2";
			developmentRegion = English;
			hasScannedForEncodings = 0;
			knownRegions = (
				en,
				Base,
			);
			mainGroup = 166E3F781EF8A5E200CC1721;
			productRefGroup = 166E3F821EF8A5E200CC1721 /* Products */;
			projectDirPath = "";
			projectRoot = "";
			targets = (
				166E3F801EF8A5E200CC1721 /* Basics */,
			);
		};
/* End PBXProject section */

/* Begin PBXResourcesBuildPhase section */
		166E3F7F1EF8A5E200CC1721 /* Resources */ = {
			isa = PBXResourcesBuildPhase;
			buildActionMask = 2147483647;
			files = (
				166E3F9D1EF8B36B00CC1721 /* Menu.sks in Resources */,
				166E3F901EF8A5E200CC1721 /* Main.storyboard in Resources */,
				166E3F871EF8A5E200CC1721 /* GameScene.sks in Resources */,
				16009E991EFB2F8D0068FB79 /* Laser.sks in Resources */,
				166E3F921EF8A5E200CC1721 /* Assets.xcassets in Resources */,
				1683A4CE1EFC6B68001400B7 /* explosion.sks in Resources */,
				166E3F951EF8A5E200CC1721 /* LaunchScreen.storyboard in Resources */,
				166E3F891EF8A5E200CC1721 /* Actions.sks in Resources */,
			);
			runOnlyForDeploymentPostprocessing = 0;
		};
/* End PBXResourcesBuildPhase section */

/* Begin PBXSourcesBuildPhase section */
		166E3F7D1EF8A5E200CC1721 /* Sources */ = {
			isa = PBXSourcesBuildPhase;
			buildActionMask = 2147483647;
			files = (
				166E3F8B1EF8A5E200CC1721 /* GameScene.swift in Sources */,
				166E3F8D1EF8A5E200CC1721 /* GameViewController.swift in Sources */,
				166E3F851EF8A5E200CC1721 /* AppDelegate.swift in Sources */,
				166E3F9F1EF8B8F400CC1721 /* MainMenu.swift in Sources */,
			);
			runOnlyForDeploymentPostprocessing = 0;
		};
/* End PBXSourcesBuildPhase section */

/* Begin PBXVariantGroup section */
		166E3F8E1EF8A5E200CC1721 /* Main.storyboard */ = {
			isa = PBXVariantGroup;
			children = (
				166E3F8F1EF8A5E200CC1721 /* Base */,
			);
			name = Main.storyboard;
			sourceTree = "<group>";
		};
		166E3F931EF8A5E200CC1721 /* LaunchScreen.storyboard */ = {
			isa = PBXVariantGroup;
			children = (
				166E3F941EF8A5E200CC1721 /* Base */,
			);
			name = LaunchScreen.storyboard;
			sourceTree = "<group>";
		};
/* End PBXVariantGroup section */

/* Begin XCBuildConfiguration section */
		166E3F971EF8A5E200CC1721 /* Debug */ = {
			isa = XCBuildConfiguration;
			buildSettings = {
				ALWAYS_SEARCH_USER_PATHS = NO;
				CLANG_ANALYZER_NONNULL = YES;
				CLANG_ANALYZER_NUMBER_OBJECT_CONVERSION = YES_AGGRESSIVE;
				CLANG_CXX_LANGUAGE_STANDARD = "gnu++0x";
				CLANG_CXX_LIBRARY = "libc++";
				CLANG_ENABLE_MODULES = YES;
				CLANG_ENABLE_OBJC_ARC = YES;
				CLANG_WARN_BOOL_CONVERSION = YES;
				CLANG_WARN_CONSTANT_CONVERSION = YES;
				CLANG_WARN_DIRECT_OBJC_ISA_USAGE = YES_ERROR;
				CLANG_WARN_DOCUMENTATION_COMMENTS = YES;
				CLANG_WARN_EMPTY_BODY = YES;
				CLANG_WARN_ENUM_CONVERSION = YES;
				CLANG_WARN_INFINITE_RECURSION = YES;
				CLANG_WARN_INT_CONVERSION = YES;
				CLANG_WARN_OBJC_ROOT_CLASS = YES_ERROR;
				CLANG_WARN_SUSPICIOUS_MOVE = YES;
				CLANG_WARN_UNREACHABLE_CODE = YES;
				CLANG_WARN__DUPLICATE_METHOD_MATCH = YES;
				"CODE_SIGN_IDENTITY[sdk=iphoneos*]" = "iPhone Developer";
				COPY_PHASE_STRIP = NO;
				DEBUG_INFORMATION_FORMAT = dwarf;
				ENABLE_STRICT_OBJC_MSGSEND = YES;
				ENABLE_TESTABILITY = YES;
				GCC_C_LANGUAGE_STANDARD = gnu99;
				GCC_DYNAMIC_NO_PIC = NO;
				GCC_NO_COMMON_BLOCKS = YES;
				GCC_OPTIMIZATION_LEVEL = 0;
				GCC_PREPROCESSOR_DEFINITIONS = (
					"DEBUG=1",
					"$(inherited)",
				);
				GCC_WARN_64_TO_32_BIT_CONVERSION = YES;
				GCC_WARN_ABOUT_RETURN_TYPE = YES_ERROR;
				GCC_WARN_UNDECLARED_SELECTOR = YES;
				GCC_WARN_UNINITIALIZED_AUTOS = YES_AGGRESSIVE;
				GCC_WARN_UNUSED_FUNCTION = YES;
				GCC_WARN_UNUSED_VARIABLE = YES;
				IPHONEOS_DEPLOYMENT_TARGET = 10.3;
				MTL_ENABLE_DEBUG_INFO = YES;
				ONLY_ACTIVE_ARCH = YES;
				SDKROOT = iphoneos;
				SWIFT_ACTIVE_COMPILATION_CONDITIONS = DEBUG;
				SWIFT_OPTIMIZATION_LEVEL = "-Onone";
			};
			name = Debug;
		};
		166E3F981EF8A5E200CC1721 /* Release */ = {
			isa = XCBuildConfiguration;
			buildSettings = {
				ALWAYS_SEARCH_USER_PATHS = NO;
				CLANG_ANALYZER_NONNULL = YES;
				CLANG_ANALYZER_NUMBER_OBJECT_CONVERSION = YES_AGGRESSIVE;
				CLANG_CXX_LANGUAGE_STANDARD = "gnu++0x";
				CLANG_CXX_LIBRARY = "libc++";
				CLANG_ENABLE_MODULES = YES;
				CLANG_ENABLE_OBJC_ARC = YES;
				CLANG_WARN_BOOL_CONVERSION = YES;
				CLANG_WARN_CONSTANT_CONVERSION = YES;
				CLANG_WARN_DIRECT_OBJC_ISA_USAGE = YES_ERROR;
				CLANG_WARN_DOCUMENTATION_COMMENTS = YES;
				CLANG_WARN_EMPTY_BODY = YES;
				CLANG_WARN_ENUM_CONVERSION = YES;
				CLANG_WARN_INFINITE_RECURSION = YES;
				CLANG_WARN_INT_CONVERSION = YES;
				CLANG_WARN_OBJC_ROOT_CLASS = YES_ERROR;
				CLANG_WARN_SUSPICIOUS_MOVE = YES;
				CLANG_WARN_UNREACHABLE_CODE = YES;
				CLANG_WARN__DUPLICATE_METHOD_MATCH = YES;
				"CODE_SIGN_IDENTITY[sdk=iphoneos*]" = "iPhone Developer";
				COPY_PHASE_STRIP = NO;
				DEBUG_INFORMATION_FORMAT = "dwarf-with-dsym";
				ENABLE_NS_ASSERTIONS = NO;
				ENABLE_STRICT_OBJC_MSGSEND = YES;
				GCC_C_LANGUAGE_STANDARD = gnu99;
				GCC_NO_COMMON_BLOCKS = YES;
				GCC_WARN_64_TO_32_BIT_CONVERSION = YES;
				GCC_WARN_ABOUT_RETURN_TYPE = YES_ERROR;
				GCC_WARN_UNDECLARED_SELECTOR = YES;
				GCC_WARN_UNINITIALIZED_AUTOS = YES_AGGRESSIVE;
				GCC_WARN_UNUSED_FUNCTION = YES;
				GCC_WARN_UNUSED_VARIABLE = YES;
				IPHONEOS_DEPLOYMENT_TARGET = 10.3;
				MTL_ENABLE_DEBUG_INFO = NO;
				SDKROOT = iphoneos;
				SWIFT_OPTIMIZATION_LEVEL = "-Owholemodule";
				VALIDATE_PRODUCT = YES;
			};
			name = Release;
		};
		166E3F9A1EF8A5E200CC1721 /* Debug */ = {
			isa = XCBuildConfiguration;
			buildSettings = {
				ASSETCATALOG_COMPILER_APPICON_NAME = AppIcon;
				DEVELOPMENT_TEAM = YH2L94SFDJ;
				INFOPLIST_FILE = Basics/Info.plist;
				LD_RUNPATH_SEARCH_PATHS = "$(inherited) @executable_path/Frameworks";
				PRODUCT_BUNDLE_IDENTIFIER = com.sanctuaryofdarkness.Basics;
				PRODUCT_NAME = "$(TARGET_NAME)";
				SWIFT_VERSION = 3.0;
			};
			name = Debug;
		};
		166E3F9B1EF8A5E200CC1721 /* Release */ = {
			isa = XCBuildConfiguration;
			buildSettings = {
				ASSETCATALOG_COMPILER_APPICON_NAME = AppIcon;
				DEVELOPMENT_TEAM = YH2L94SFDJ;
				INFOPLIST_FILE = Basics/Info.plist;
				LD_RUNPATH_SEARCH_PATHS = "$(inherited) @executable_path/Frameworks";
				PRODUCT_BUNDLE_IDENTIFIER = com.sanctuaryofdarkness.Basics;
				PRODUCT_NAME = "$(TARGET_NAME)";
				SWIFT_VERSION = 3.0;
			};
			name = Release;
		};
/* End XCBuildConfiguration section */

/* Begin XCConfigurationList section */
		166E3F7C1EF8A5E200CC1721 /* Build configuration list for PBXProject "Basics" */ = {
			isa = XCConfigurationList;
			buildConfigurations = (
				166E3F971EF8A5E200CC1721 /* Debug */,
				166E3F981EF8A5E200CC1721 /* Release */,
			);
			defaultConfigurationIsVisible = 0;
			defaultConfigurationName = Release;
		};
		166E3F991EF8A5E200CC1721 /* Build configuration list for PBXNativeTarget "Basics" */ = {
			isa = XCConfigurationList;
			buildConfigurations = (
				166E3F9A1EF8A5E200CC1721 /* Debug */,
				166E3F9B1EF8A5E200CC1721 /* Release */,
			);
			defaultConfigurationIsVisible = 0;
			defaultConfigurationName = Release;
		};
/* End XCConfigurationList section */
	};
	rootObject = 166E3F791EF8A5E200CC1721 /* Project object */;
}
